
Microsoft Visual Studio Solution File, Format Version 12.00
# Visual Studio Version 16
VisualStudioVersion = 16.0.29911.84
MinimumVisualStudioVersion = 10.0.40219.1
Project("{FAE04EC0-301F-11D3-BF4B-00C04F79EFBC}") = "Complex_type_list_sorting", "Complex_type_list_sorting\Complex_type_list_sorting.csproj", "{46C897E4-B9D1-438C-B1A1-7050AFCDD4B8}"
EndProject
Global
	GlobalSection(SolutionConfigurationPlatforms) = preSolution
		Debug|Any CPU = Debug|Any CPU
		Release|Any CPU = Release|Any CPU
	EndGlobalSection
	GlobalSection(ProjectConfigurationPlatforms) = postSolution
		{46C897E4-B9D1-438C-B1A1-7050AFCDD4B8}.Debug|Any CPU.ActiveCfg = Debug|Any CPU
		{46C897E4-B9D1-438C-B1A1-7050AFCDD4B8}.Debug|Any CPU.Build.0 = Debug|Any CPU
		{46C897E4-B9D1-438C-B1A1-7050AFCDD4B8}.Release|Any CPU.ActiveCfg = Release|Any CPU
		{46C897E4-B9D1-438C-B1A1-7050AFCDD4B8}.Release|Any CPU.Build.0 = Release|Any CPU
	EndGlobalSection
	GlobalSection(SolutionProperties) = preSolution
		HideSolutionNode = FALSE
	EndGlobalSection
	GlobalSection(ExtensibilityGlobals) = postSolution
		SolutionGuid = {AF16A465-0D68-4CB1-85F5-DB63A4439BD7}
	EndGlobalSection
EndGlobal
