
Microsoft Visual Studio Solution File, Format Version 12.00
# Visual Studio Version 16
VisualStudioVersion = 16.0.29911.84
MinimumVisualStudioVersion = 10.0.40219.1
Project("{FAE04EC0-301F-11D3-BF4B-00C04F79EFBC}") = "ThreadStart delegate", "ThreadStart delegate\ThreadStart delegate.csproj", "{DB77B375-E330-4A31-9D72-2AA9FEE513DA}"
EndProject
Global
	GlobalSection(SolutionConfigurationPlatforms) = preSolution
		Debug|Any CPU = Debug|Any CPU
		Release|Any CPU = Release|Any CPU
	EndGlobalSection
	GlobalSection(ProjectConfigurationPlatforms) = postSolution
		{DB77B375-E330-4A31-9D72-2AA9FEE513DA}.Debug|Any CPU.ActiveCfg = Debug|Any CPU
		{DB77B375-E330-4A31-9D72-2AA9FEE513DA}.Debug|Any CPU.Build.0 = Debug|Any CPU
		{DB77B375-E330-4A31-9D72-2AA9FEE513DA}.Release|Any CPU.ActiveCfg = Release|Any CPU
		{DB77B375-E330-4A31-9D72-2AA9FEE513DA}.Release|Any CPU.Build.0 = Release|Any CPU
	EndGlobalSection
	GlobalSection(SolutionProperties) = preSolution
		HideSolutionNode = FALSE
	EndGlobalSection
	GlobalSection(ExtensibilityGlobals) = postSolution
		SolutionGuid = {78CB284B-355F-416E-8519-705114E8DECF}
	EndGlobalSection
EndGlobal
