
Microsoft Visual Studio Solution File, Format Version 12.00
# Visual Studio Version 16
VisualStudioVersion = 16.0.29911.84
MinimumVisualStudioVersion = 10.0.40219.1
Project("{FAE04EC0-301F-11D3-BF4B-00C04F79EFBC}") = "Inheritance", "Inheritance\Inheritance.csproj", "{3DC9E416-E85E-44F3-9FFC-FB955D2E8C9D}"
EndProject
Global
	GlobalSection(SolutionConfigurationPlatforms) = preSolution
		Debug|Any CPU = Debug|Any CPU
		Release|Any CPU = Release|Any CPU
	EndGlobalSection
	GlobalSection(ProjectConfigurationPlatforms) = postSolution
		{3DC9E416-E85E-44F3-9FFC-FB955D2E8C9D}.Debug|Any CPU.ActiveCfg = Debug|Any CPU
		{3DC9E416-E85E-44F3-9FFC-FB955D2E8C9D}.Debug|Any CPU.Build.0 = Debug|Any CPU
		{3DC9E416-E85E-44F3-9FFC-FB955D2E8C9D}.Release|Any CPU.ActiveCfg = Release|Any CPU
		{3DC9E416-E85E-44F3-9FFC-FB955D2E8C9D}.Release|Any CPU.Build.0 = Release|Any CPU
	EndGlobalSection
	GlobalSection(SolutionProperties) = preSolution
		HideSolutionNode = FALSE
	EndGlobalSection
	GlobalSection(ExtensibilityGlobals) = postSolution
		SolutionGuid = {FED857A7-60B2-4780-A5EA-39C883CF486B}
	EndGlobalSection
EndGlobal
