
Microsoft Visual Studio Solution File, Format Version 12.00
# Visual Studio Version 16
VisualStudioVersion = 16.0.29911.84
MinimumVisualStudioVersion = 10.0.40219.1
Project("{FAE04EC0-301F-11D3-BF4B-00C04F79EFBC}") = "Enum", "Enum\Enum.csproj", "{133BC869-A03E-4C92-AFA2-A233B47C66B1}"
EndProject
Global
	GlobalSection(SolutionConfigurationPlatforms) = preSolution
		Debug|Any CPU = Debug|Any CPU
		Release|Any CPU = Release|Any CPU
	EndGlobalSection
	GlobalSection(ProjectConfigurationPlatforms) = postSolution
		{133BC869-A03E-4C92-AFA2-A233B47C66B1}.Debug|Any CPU.ActiveCfg = Debug|Any CPU
		{133BC869-A03E-4C92-AFA2-A233B47C66B1}.Debug|Any CPU.Build.0 = Debug|Any CPU
		{133BC869-A03E-4C92-AFA2-A233B47C66B1}.Release|Any CPU.ActiveCfg = Release|Any CPU
		{133BC869-A03E-4C92-AFA2-A233B47C66B1}.Release|Any CPU.Build.0 = Release|Any CPU
	EndGlobalSection
	GlobalSection(SolutionProperties) = preSolution
		HideSolutionNode = FALSE
	EndGlobalSection
	GlobalSection(ExtensibilityGlobals) = postSolution
		SolutionGuid = {EA177B67-21F4-4A29-8396-67234DAC1ABF}
	EndGlobalSection
EndGlobal
