
Microsoft Visual Studio Solution File, Format Version 12.00
# Visual Studio Version 16
VisualStudioVersion = 16.0.29911.84
MinimumVisualStudioVersion = 10.0.40219.1
Project("{FAE04EC0-301F-11D3-BF4B-00C04F79EFBC}") = "Exception_Handling", "Exception_Handling\Exception_Handling.csproj", "{CFB39379-AF7B-49E0-A6B1-CC7BB316DAFF}"
EndProject
Global
	GlobalSection(SolutionConfigurationPlatforms) = preSolution
		Debug|Any CPU = Debug|Any CPU
		Release|Any CPU = Release|Any CPU
	EndGlobalSection
	GlobalSection(ProjectConfigurationPlatforms) = postSolution
		{CFB39379-AF7B-49E0-A6B1-CC7BB316DAFF}.Debug|Any CPU.ActiveCfg = Debug|Any CPU
		{CFB39379-AF7B-49E0-A6B1-CC7BB316DAFF}.Debug|Any CPU.Build.0 = Debug|Any CPU
		{CFB39379-AF7B-49E0-A6B1-CC7BB316DAFF}.Release|Any CPU.ActiveCfg = Release|Any CPU
		{CFB39379-AF7B-49E0-A6B1-CC7BB316DAFF}.Release|Any CPU.Build.0 = Release|Any CPU
	EndGlobalSection
	GlobalSection(SolutionProperties) = preSolution
		HideSolutionNode = FALSE
	EndGlobalSection
	GlobalSection(ExtensibilityGlobals) = postSolution
		SolutionGuid = {C43457B6-1FC8-4738-9B17-768ADD15A278}
	EndGlobalSection
EndGlobal
