
Microsoft Visual Studio Solution File, Format Version 12.00
# Visual Studio Version 16
VisualStudioVersion = 16.0.29911.84
MinimumVisualStudioVersion = 10.0.40219.1
Project("{FAE04EC0-301F-11D3-BF4B-00C04F79EFBC}") = "ADODemo", "ADODemo\ADODemo.csproj", "{38E04272-DA29-4E90-BE24-E6C2316B7663}"
EndProject
Global
	GlobalSection(SolutionConfigurationPlatforms) = preSolution
		Debug|Any CPU = Debug|Any CPU
		Release|Any CPU = Release|Any CPU
	EndGlobalSection
	GlobalSection(ProjectConfigurationPlatforms) = postSolution
		{38E04272-DA29-4E90-BE24-E6C2316B7663}.Debug|Any CPU.ActiveCfg = Debug|Any CPU
		{38E04272-DA29-4E90-BE24-E6C2316B7663}.Debug|Any CPU.Build.0 = Debug|Any CPU
		{38E04272-DA29-4E90-BE24-E6C2316B7663}.Release|Any CPU.ActiveCfg = Release|Any CPU
		{38E04272-DA29-4E90-BE24-E6C2316B7663}.Release|Any CPU.Build.0 = Release|Any CPU
	EndGlobalSection
	GlobalSection(SolutionProperties) = preSolution
		HideSolutionNode = FALSE
	EndGlobalSection
	GlobalSection(ExtensibilityGlobals) = postSolution
		SolutionGuid = {28E56BDF-1AF5-418D-BA29-B096660E1962}
	EndGlobalSection
EndGlobal
