
Microsoft Visual Studio Solution File, Format Version 12.00
# Visual Studio Version 16
VisualStudioVersion = 16.0.29911.84
MinimumVisualStudioVersion = 10.0.40219.1
Project("{FAE04EC0-301F-11D3-BF4B-00C04F79EFBC}") = "Dictionary", "Dictionary\Dictionary.csproj", "{402C8FF1-7E82-460E-90E1-41B7D83A7F60}"
EndProject
Global
	GlobalSection(SolutionConfigurationPlatforms) = preSolution
		Debug|Any CPU = Debug|Any CPU
		Release|Any CPU = Release|Any CPU
	EndGlobalSection
	GlobalSection(ProjectConfigurationPlatforms) = postSolution
		{402C8FF1-7E82-460E-90E1-41B7D83A7F60}.Debug|Any CPU.ActiveCfg = Debug|Any CPU
		{402C8FF1-7E82-460E-90E1-41B7D83A7F60}.Debug|Any CPU.Build.0 = Debug|Any CPU
		{402C8FF1-7E82-460E-90E1-41B7D83A7F60}.Release|Any CPU.ActiveCfg = Release|Any CPU
		{402C8FF1-7E82-460E-90E1-41B7D83A7F60}.Release|Any CPU.Build.0 = Release|Any CPU
	EndGlobalSection
	GlobalSection(SolutionProperties) = preSolution
		HideSolutionNode = FALSE
	EndGlobalSection
	GlobalSection(ExtensibilityGlobals) = postSolution
		SolutionGuid = {54327348-91E0-4E04-9C60-8E036C735A4B}
	EndGlobalSection
EndGlobal
